{
  "requires": true,
  "lockfileVersion": 1,
  "dependencies": {
    "@types/aws-lambda": {
      "version": "8.10.39",
      "resolved": "https://registry.npmjs.org/@types/aws-lambda/-/aws-lambda-8.10.39.tgz",
      "integrity": "sha512-6qxQ4wS636AapVvDbzltI/Xn69QWxjcvohvxd/+MTWzdE9Vqz1xgERr38jEbBGEkyyG8y819nAhjGsiY6KNh1A==",
      "optional": true
    },
    "serverless-http": {
      "version": "2.3.0",
      "resolved": "https://registry.npmjs.org/serverless-http/-/serverless-http-2.3.0.tgz",
      "integrity": "sha512-z1820kGkw/XlaXCZ3HMA6fY/SQXrbtlQjuTaxB1fMJTe5GJqjQRE0EyLKkeQDT3Qd4nmtfM1p7XEUuNv2chnFA==",
      "requires": {
        "@types/aws-lambda": "^8.10.19"
      }
    }
  }
}
